
Microsoft Visual Studio Solution File, Format Version 12.00
# Visual Studio Version 16
VisualStudioVersion = 16.0.31205.134
MinimumVisualStudioVersion = 10.0.40219.1
Project("{FAE04EC0-301F-11D3-BF4B-00C04F79EFBC}") = "OperatorOverloadingPrac", "OperatorOverloadingPrac\OperatorOverloadingPrac.csproj", "{AD03DE4D-84B6-4264-8113-68CB301B1FBB}"
EndProject
Global
	GlobalSection(SolutionConfigurationPlatforms) = preSolution
		Debug|Any CPU = Debug|Any CPU
		Release|Any CPU = Release|Any CPU
	EndGlobalSection
	GlobalSection(ProjectConfigurationPlatforms) = postSolution
		{AD03DE4D-84B6-4264-8113-68CB301B1FBB}.Debug|Any CPU.ActiveCfg = Debug|Any CPU
		{AD03DE4D-84B6-4264-8113-68CB301B1FBB}.Debug|Any CPU.Build.0 = Debug|Any CPU
		{AD03DE4D-84B6-4264-8113-68CB301B1FBB}.Release|Any CPU.ActiveCfg = Release|Any CPU
		{AD03DE4D-84B6-4264-8113-68CB301B1FBB}.Release|Any CPU.Build.0 = Release|Any CPU
	EndGlobalSection
	GlobalSection(SolutionProperties) = preSolution
		HideSolutionNode = FALSE
	EndGlobalSection
	GlobalSection(ExtensibilityGlobals) = postSolution
		SolutionGuid = {1B844C6A-85B3-494A-9F34-A21294DCDBE4}
	EndGlobalSection
EndGlobal
